
Microsoft Visual Studio Solution File, Format Version 12.00
# Visual Studio Version 17
VisualStudioVersion = 17.0.31903.59
MinimumVisualStudioVersion = 10.0.40219.1
Project("{2150E333-8FDC-42A3-9474-1A3956D46DE8}") = "aug 28 practice", "aug 28 practice", "{167D04E0-A847-FE32-B6DA-852EB4B97A34}"
EndProject
Project("{FAE04EC0-301F-11D3-BF4B-00C04F79EFBC}") = "ConsoleApp1", "aug 28 practice\ConsoleApp1\ConsoleApp1.csproj", "{CB3C552F-4DA9-4A1A-98C5-3E31D413B633}"
EndProject
Global
	GlobalSection(SolutionConfigurationPlatforms) = preSolution
		Debug|Any CPU = Debug|Any CPU
		Debug|x64 = Debug|x64
		Debug|x86 = Debug|x86
		Release|Any CPU = Release|Any CPU
		Release|x64 = Release|x64
		Release|x86 = Release|x86
	EndGlobalSection
	GlobalSection(ProjectConfigurationPlatforms) = postSolution
		{CB3C552F-4DA9-4A1A-98C5-3E31D413B633}.Debug|Any CPU.ActiveCfg = Debug|Any CPU
		{CB3C552F-4DA9-4A1A-98C5-3E31D413B633}.Debug|Any CPU.Build.0 = Debug|Any CPU
		{CB3C552F-4DA9-4A1A-98C5-3E31D413B633}.Debug|x64.ActiveCfg = Debug|Any CPU
		{CB3C552F-4DA9-4A1A-98C5-3E31D413B633}.Debug|x64.Build.0 = Debug|Any CPU
		{CB3C552F-4DA9-4A1A-98C5-3E31D413B633}.Debug|x86.ActiveCfg = Debug|Any CPU
		{CB3C552F-4DA9-4A1A-98C5-3E31D413B633}.Debug|x86.Build.0 = Debug|Any CPU
		{CB3C552F-4DA9-4A1A-98C5-3E31D413B633}.Release|Any CPU.ActiveCfg = Release|Any CPU
		{CB3C552F-4DA9-4A1A-98C5-3E31D413B633}.Release|Any CPU.Build.0 = Release|Any CPU
		{CB3C552F-4DA9-4A1A-98C5-3E31D413B633}.Release|x64.ActiveCfg = Release|Any CPU
		{CB3C552F-4DA9-4A1A-98C5-3E31D413B633}.Release|x64.Build.0 = Release|Any CPU
		{CB3C552F-4DA9-4A1A-98C5-3E31D413B633}.Release|x86.ActiveCfg = Release|Any CPU
		{CB3C552F-4DA9-4A1A-98C5-3E31D413B633}.Release|x86.Build.0 = Release|Any CPU
	EndGlobalSection
	GlobalSection(SolutionProperties) = preSolution
		HideSolutionNode = FALSE
	EndGlobalSection
	GlobalSection(NestedProjects) = preSolution
		{CB3C552F-4DA9-4A1A-98C5-3E31D413B633} = {167D04E0-A847-FE32-B6DA-852EB4B97A34}
	EndGlobalSection
EndGlobal
