Microsoft Visual Studio Solution File, Format Version 12.00
# Visual Studio Version 17
VisualStudioVersion = 17.5.2.0
MinimumVisualStudioVersion = 10.0.40219.1
Project("{FAE04EC0-301F-11D3-BF4B-00C04F79EFBC}") = "Practice3Grades", "Practice3Grades\Practice3Grades.csproj", "{EDD6451D-D479-08DE-74B4-05D1C32D76AE}"
EndProject
Global
	GlobalSection(SolutionConfigurationPlatforms) = preSolution
		Debug|Any CPU = Debug|Any CPU
		Release|Any CPU = Release|Any CPU
	EndGlobalSection
	GlobalSection(ProjectConfigurationPlatforms) = postSolution
		{EDD6451D-D479-08DE-74B4-05D1C32D76AE}.Debug|Any CPU.ActiveCfg = Debug|Any CPU
		{EDD6451D-D479-08DE-74B4-05D1C32D76AE}.Debug|Any CPU.Build.0 = Debug|Any CPU
		{EDD6451D-D479-08DE-74B4-05D1C32D76AE}.Release|Any CPU.ActiveCfg = Release|Any CPU
		{EDD6451D-D479-08DE-74B4-05D1C32D76AE}.Release|Any CPU.Build.0 = Release|Any CPU
	EndGlobalSection
	GlobalSection(SolutionProperties) = preSolution
		HideSolutionNode = FALSE
	EndGlobalSection
	GlobalSection(ExtensibilityGlobals) = postSolution
		SolutionGuid = {DADBDFD6-78B6-48F0-B1BD-5628CA8265D8}
	EndGlobalSection
EndGlobal
