Microsoft Visual Studio Solution File, Format Version 12.00
# Visual Studio Version 17
VisualStudioVersion = 17.5.2.0
MinimumVisualStudioVersion = 10.0.40219.1
Project("{FAE04EC0-301F-11D3-BF4B-00C04F79EFBC}") = "Chapter3_Arrays_loops", "Chapter3_Arrays_loops.csproj", "{846CBD54-FD9E-D5A4-E873-5171C591641D}"
EndProject
Global
	GlobalSection(SolutionConfigurationPlatforms) = preSolution
		Debug|Any CPU = Debug|Any CPU
		Release|Any CPU = Release|Any CPU
	EndGlobalSection
	GlobalSection(ProjectConfigurationPlatforms) = postSolution
		{846CBD54-FD9E-D5A4-E873-5171C591641D}.Debug|Any CPU.ActiveCfg = Debug|Any CPU
		{846CBD54-FD9E-D5A4-E873-5171C591641D}.Debug|Any CPU.Build.0 = Debug|Any CPU
		{846CBD54-FD9E-D5A4-E873-5171C591641D}.Release|Any CPU.ActiveCfg = Release|Any CPU
		{846CBD54-FD9E-D5A4-E873-5171C591641D}.Release|Any CPU.Build.0 = Release|Any CPU
	EndGlobalSection
	GlobalSection(SolutionProperties) = preSolution
		HideSolutionNode = FALSE
	EndGlobalSection
	GlobalSection(ExtensibilityGlobals) = postSolution
		SolutionGuid = {53B1062C-A9D9-4489-9127-B9D68314B789}
	EndGlobalSection
EndGlobal
