Microsoft Visual Studio Solution File, Format Version 12.00
# Visual Studio Version 17
VisualStudioVersion = 17.5.2.0
MinimumVisualStudioVersion = 10.0.40219.1
Project("{FAE04EC0-301F-11D3-BF4B-00C04F79EFBC}") = "csharp-app", "csharp-app\csharp-app.csproj", "{4A0AC1AF-5C65-9FE5-16AA-73C543212744}"
EndProject
Global
	GlobalSection(SolutionConfigurationPlatforms) = preSolution
		Debug|Any CPU = Debug|Any CPU
		Release|Any CPU = Release|Any CPU
	EndGlobalSection
	GlobalSection(ProjectConfigurationPlatforms) = postSolution
		{4A0AC1AF-5C65-9FE5-16AA-73C543212744}.Debug|Any CPU.ActiveCfg = Debug|Any CPU
		{4A0AC1AF-5C65-9FE5-16AA-73C543212744}.Debug|Any CPU.Build.0 = Debug|Any CPU
		{4A0AC1AF-5C65-9FE5-16AA-73C543212744}.Release|Any CPU.ActiveCfg = Release|Any CPU
		{4A0AC1AF-5C65-9FE5-16AA-73C543212744}.Release|Any CPU.Build.0 = Release|Any CPU
	EndGlobalSection
	GlobalSection(SolutionProperties) = preSolution
		HideSolutionNode = FALSE
	EndGlobalSection
	GlobalSection(ExtensibilityGlobals) = postSolution
		SolutionGuid = {6ED8BBA5-BAB0-4250-893B-CC02EBD42868}
	EndGlobalSection
EndGlobal
