Microsoft Visual Studio Solution File, Format Version 12.00
# Visual Studio Version 17
VisualStudioVersion = 17.5.2.0
MinimumVisualStudioVersion = 10.0.40219.1
Project("{FAE04EC0-301F-11D3-BF4B-00C04F79EFBC}") = "Practice4", "Practice4.csproj", "{1545F184-60C5-90F7-1452-9E5A3C52A817}"
EndProject
Global
	GlobalSection(SolutionConfigurationPlatforms) = preSolution
		Debug|Any CPU = Debug|Any CPU
		Release|Any CPU = Release|Any CPU
	EndGlobalSection
	GlobalSection(ProjectConfigurationPlatforms) = postSolution
		{1545F184-60C5-90F7-1452-9E5A3C52A817}.Debug|Any CPU.ActiveCfg = Debug|Any CPU
		{1545F184-60C5-90F7-1452-9E5A3C52A817}.Debug|Any CPU.Build.0 = Debug|Any CPU
		{1545F184-60C5-90F7-1452-9E5A3C52A817}.Release|Any CPU.ActiveCfg = Release|Any CPU
		{1545F184-60C5-90F7-1452-9E5A3C52A817}.Release|Any CPU.Build.0 = Release|Any CPU
	EndGlobalSection
	GlobalSection(SolutionProperties) = preSolution
		HideSolutionNode = FALSE
	EndGlobalSection
	GlobalSection(ExtensibilityGlobals) = postSolution
		SolutionGuid = {863F60BA-F5B7-4B26-8B77-17F3EE780015}
	EndGlobalSection
EndGlobal
